
Microsoft Visual Studio Solution File, Format Version 12.00
# Visual Studio Version 17
VisualStudioVersion = 17.11.35222.181
MinimumVisualStudioVersion = 10.0.40219.1
Project("{8BC9CEB8-8B4A-11D0-8D11-00A0C91BC942}") = "Lab08.2", "Lab08.2\Lab08.2.vcxproj", "{11A370BC-0032-4392-8016-C9A729B10E8A}"
EndProject
Project("{8BC9CEB8-8B4A-11D0-8D11-00A0C91BC942}") = "UnitTest1", "UnitTest1\UnitTest1.vcxproj", "{11C52D3C-B0B0-4A68-8E75-2398C1DE3123}"
EndProject
Global
	GlobalSection(SolutionConfigurationPlatforms) = preSolution
		Debug|x64 = Debug|x64
		Debug|x86 = Debug|x86
		Release|x64 = Release|x64
		Release|x86 = Release|x86
	EndGlobalSection
	GlobalSection(ProjectConfigurationPlatforms) = postSolution
		{11A370BC-0032-4392-8016-C9A729B10E8A}.Debug|x64.ActiveCfg = Debug|x64
		{11A370BC-0032-4392-8016-C9A729B10E8A}.Debug|x64.Build.0 = Debug|x64
		{11A370BC-0032-4392-8016-C9A729B10E8A}.Debug|x86.ActiveCfg = Debug|Win32
		{11A370BC-0032-4392-8016-C9A729B10E8A}.Debug|x86.Build.0 = Debug|Win32
		{11A370BC-0032-4392-8016-C9A729B10E8A}.Release|x64.ActiveCfg = Release|x64
		{11A370BC-0032-4392-8016-C9A729B10E8A}.Release|x64.Build.0 = Release|x64
		{11A370BC-0032-4392-8016-C9A729B10E8A}.Release|x86.ActiveCfg = Release|Win32
		{11A370BC-0032-4392-8016-C9A729B10E8A}.Release|x86.Build.0 = Release|Win32
		{11C52D3C-B0B0-4A68-8E75-2398C1DE3123}.Debug|x64.ActiveCfg = Debug|x64
		{11C52D3C-B0B0-4A68-8E75-2398C1DE3123}.Debug|x64.Build.0 = Debug|x64
		{11C52D3C-B0B0-4A68-8E75-2398C1DE3123}.Debug|x86.ActiveCfg = Debug|Win32
		{11C52D3C-B0B0-4A68-8E75-2398C1DE3123}.Debug|x86.Build.0 = Debug|Win32
		{11C52D3C-B0B0-4A68-8E75-2398C1DE3123}.Release|x64.ActiveCfg = Release|x64
		{11C52D3C-B0B0-4A68-8E75-2398C1DE3123}.Release|x64.Build.0 = Release|x64
		{11C52D3C-B0B0-4A68-8E75-2398C1DE3123}.Release|x86.ActiveCfg = Release|Win32
		{11C52D3C-B0B0-4A68-8E75-2398C1DE3123}.Release|x86.Build.0 = Release|Win32
	EndGlobalSection
	GlobalSection(SolutionProperties) = preSolution
		HideSolutionNode = FALSE
	EndGlobalSection
	GlobalSection(ExtensibilityGlobals) = postSolution
		SolutionGuid = {1D93334A-EACB-4DA1-994A-06AA966A4ADE}
	EndGlobalSection
EndGlobal
